{
  "version": "4",
  "specifiers": {
    "jsr:@std/assert@^1.0.6": "1.0.6",
    "jsr:@std/expect@^1.0.6": "1.0.6",
    "jsr:@std/internal@^1.0.4": "1.0.4",
    "jsr:@std/testing@^1.0.3": "1.0.3",
    "npm:effect@^3.10.4": "3.10.4"
  },
  "jsr": {
    "@std/assert@1.0.6": {
      "integrity": "1904c05806a25d94fe791d6d883b685c9e2dcd60e4f9fc30f4fc5cf010c72207",
      "dependencies": [
        "jsr:@std/internal"
      ]
    },
    "@std/expect@1.0.6": {
      "integrity": "dffba969ca5ea6d7c39338d4985c9af2bfa6e080c710cc2b77756dd7657c369c",
      "dependencies": [
        "jsr:@std/assert",
        "jsr:@std/internal"
      ]
    },
    "@std/internal@1.0.4": {
      "integrity": "62e8e4911527e5e4f307741a795c0b0a9e6958d0b3790716ae71ce085f755422"
    },
    "@std/testing@1.0.3": {
      "integrity": "f98c2bee53860a5916727d7e7d3abe920dd6f9edace022e2d059f00d05c2cf42",
      "dependencies": [
        "jsr:@std/assert",
        "jsr:@std/internal"
      ]
    }
  },
  "npm": {
    "effect@3.10.4": {
      "integrity": "sha512-D7Mryq8jylT0fIGrgXEn2TublO/BhduRwzlqV5z1l/QFY6grs7UOyyomlAOFMK9ArSYiLgrOSMQ/Cr/cIOeU2Q==",
      "dependencies": [
        "fast-check"
      ]
    },
    "fast-check@3.22.0": {
      "integrity": "sha512-8HKz3qXqnHYp/VCNn2qfjHdAdcI8zcSqOyX64GOMukp7SL2bfzfeDKjSd+UyECtejccaZv3LcvZTm9YDD22iCQ==",
      "dependencies": [
        "pure-rand"
      ]
    },
    "pure-rand@6.1.0": {
      "integrity": "sha512-bVWawvoZoBYpp6yIoQtQXHZjmz35RSVHnUOTefl8Vcjr8snTPY1wnpSPMWekcFwbxI6gtmT7rSYPFvz71ldiOA=="
    }
  },
  "workspace": {
    "members": {
      "core": {
        "dependencies": [
          "jsr:@std/assert@^1.0.6",
          "jsr:@std/expect@^1.0.6",
          "jsr:@std/testing@^1.0.3",
          "npm:effect@^3.10.4"
        ]
      }
    }
  }
}
